
Microsoft Visual Studio Solution File, Format Version 12.00
# Visual Studio Version 17
VisualStudioVersion = 17.0.31903.59
MinimumVisualStudioVersion = 10.0.40219.1
Project("{FAE04EC0-301F-11D3-BF4B-00C04F79EFBC}") = "MainGame", "MainGame\MainGame.csproj", "{E3317CC0-13A6-4FDD-B4AE-20F317DFAE1E}"
EndProject
Project("{2150E333-8FDC-42A3-9474-1A3956D46DE8}") = "TileEngine", "TileEngine", "{6051A4B6-F780-2740-78F6-DF204AB469BA}"
EndProject
Project("{FAE04EC0-301F-11D3-BF4B-00C04F79EFBC}") = "TileEngine", "TileEngine\TileEngine\TileEngine.csproj", "{2274BC06-1D99-4902-A981-B0CAE06CDDE2}"
EndProject
Project("{FAE04EC0-301F-11D3-BF4B-00C04F79EFBC}") = "Battleshoot", "Battleshoot\Battleshoot.csproj", "{152DE0D1-4AD1-42E4-8966-E700030FA7C9}"
EndProject
Project("{FAE04EC0-301F-11D3-BF4B-00C04F79EFBC}") = "Emulation", "Emulation\Emulation.csproj", "{9E5BA1F4-C011-41B9-B931-791CDBF07E7A}"
EndProject
Project("{2150E333-8FDC-42A3-9474-1A3956D46DE8}") = "Tools", "Tools", "{07C2787E-EAC7-C090-1BA3-A61EC2A24D84}"
EndProject
Project("{FAE04EC0-301F-11D3-BF4B-00C04F79EFBC}") = "RaScoreFetcher", "Tools\RaScoreFetcher\RaScoreFetcher.csproj", "{92592FCB-07B9-4A90-95FC-3E09AC5CDE79}"
EndProject
Project("{FAE04EC0-301F-11D3-BF4B-00C04F79EFBC}") = "RcheevosSmokeTest", "Tools\RcheevosSmokeTest\RcheevosSmokeTest.csproj", "{ECA146BB-3231-4906-942F-74BF31A8246F}"
EndProject
Project("{FAE04EC0-301F-11D3-BF4B-00C04F79EFBC}") = "LibretroMemorySmokeTest", "Tools\LibretroMemorySmokeTest\LibretroMemorySmokeTest.csproj", "{B5904451-29CE-4ADA-9FAF-30A1BE97DD9E}"
EndProject
Global
	GlobalSection(SolutionConfigurationPlatforms) = preSolution
		Debug|Any CPU = Debug|Any CPU
		Debug|x64 = Debug|x64
		Debug|x86 = Debug|x86
		Release|Any CPU = Release|Any CPU
		Release|x64 = Release|x64
		Release|x86 = Release|x86
	EndGlobalSection
	GlobalSection(ProjectConfigurationPlatforms) = postSolution
		{E3317CC0-13A6-4FDD-B4AE-20F317DFAE1E}.Debug|Any CPU.ActiveCfg = Debug|Any CPU
		{E3317CC0-13A6-4FDD-B4AE-20F317DFAE1E}.Debug|Any CPU.Build.0 = Debug|Any CPU
		{E3317CC0-13A6-4FDD-B4AE-20F317DFAE1E}.Debug|x64.ActiveCfg = Debug|Any CPU
		{E3317CC0-13A6-4FDD-B4AE-20F317DFAE1E}.Debug|x64.Build.0 = Debug|Any CPU
		{E3317CC0-13A6-4FDD-B4AE-20F317DFAE1E}.Debug|x86.ActiveCfg = Debug|Any CPU
		{E3317CC0-13A6-4FDD-B4AE-20F317DFAE1E}.Debug|x86.Build.0 = Debug|Any CPU
		{E3317CC0-13A6-4FDD-B4AE-20F317DFAE1E}.Release|Any CPU.ActiveCfg = Release|Any CPU
		{E3317CC0-13A6-4FDD-B4AE-20F317DFAE1E}.Release|Any CPU.Build.0 = Release|Any CPU
		{E3317CC0-13A6-4FDD-B4AE-20F317DFAE1E}.Release|x64.ActiveCfg = Release|Any CPU
		{E3317CC0-13A6-4FDD-B4AE-20F317DFAE1E}.Release|x64.Build.0 = Release|Any CPU
		{E3317CC0-13A6-4FDD-B4AE-20F317DFAE1E}.Release|x86.ActiveCfg = Release|Any CPU
		{E3317CC0-13A6-4FDD-B4AE-20F317DFAE1E}.Release|x86.Build.0 = Release|Any CPU
		{2274BC06-1D99-4902-A981-B0CAE06CDDE2}.Debug|Any CPU.ActiveCfg = Debug|Any CPU
		{2274BC06-1D99-4902-A981-B0CAE06CDDE2}.Debug|Any CPU.Build.0 = Debug|Any CPU
		{2274BC06-1D99-4902-A981-B0CAE06CDDE2}.Debug|x64.ActiveCfg = Debug|Any CPU
		{2274BC06-1D99-4902-A981-B0CAE06CDDE2}.Debug|x64.Build.0 = Debug|Any CPU
		{2274BC06-1D99-4902-A981-B0CAE06CDDE2}.Debug|x86.ActiveCfg = Debug|Any CPU
		{2274BC06-1D99-4902-A981-B0CAE06CDDE2}.Debug|x86.Build.0 = Debug|Any CPU
		{2274BC06-1D99-4902-A981-B0CAE06CDDE2}.Release|Any CPU.ActiveCfg = Release|Any CPU
		{2274BC06-1D99-4902-A981-B0CAE06CDDE2}.Release|Any CPU.Build.0 = Release|Any CPU
		{2274BC06-1D99-4902-A981-B0CAE06CDDE2}.Release|x64.ActiveCfg = Release|Any CPU
		{2274BC06-1D99-4902-A981-B0CAE06CDDE2}.Release|x64.Build.0 = Release|Any CPU
		{2274BC06-1D99-4902-A981-B0CAE06CDDE2}.Release|x86.ActiveCfg = Release|Any CPU
		{2274BC06-1D99-4902-A981-B0CAE06CDDE2}.Release|x86.Build.0 = Release|Any CPU
		{152DE0D1-4AD1-42E4-8966-E700030FA7C9}.Debug|Any CPU.ActiveCfg = Debug|Any CPU
		{152DE0D1-4AD1-42E4-8966-E700030FA7C9}.Debug|Any CPU.Build.0 = Debug|Any CPU
		{152DE0D1-4AD1-42E4-8966-E700030FA7C9}.Debug|x64.ActiveCfg = Debug|Any CPU
		{152DE0D1-4AD1-42E4-8966-E700030FA7C9}.Debug|x64.Build.0 = Debug|Any CPU
		{152DE0D1-4AD1-42E4-8966-E700030FA7C9}.Debug|x86.ActiveCfg = Debug|Any CPU
		{152DE0D1-4AD1-42E4-8966-E700030FA7C9}.Debug|x86.Build.0 = Debug|Any CPU
		{152DE0D1-4AD1-42E4-8966-E700030FA7C9}.Release|Any CPU.ActiveCfg = Release|Any CPU
		{152DE0D1-4AD1-42E4-8966-E700030FA7C9}.Release|Any CPU.Build.0 = Release|Any CPU
		{152DE0D1-4AD1-42E4-8966-E700030FA7C9}.Release|x64.ActiveCfg = Release|Any CPU
		{152DE0D1-4AD1-42E4-8966-E700030FA7C9}.Release|x64.Build.0 = Release|Any CPU
		{152DE0D1-4AD1-42E4-8966-E700030FA7C9}.Release|x86.ActiveCfg = Release|Any CPU
		{152DE0D1-4AD1-42E4-8966-E700030FA7C9}.Release|x86.Build.0 = Release|Any CPU
		{9E5BA1F4-C011-41B9-B931-791CDBF07E7A}.Debug|Any CPU.ActiveCfg = Debug|Any CPU
		{9E5BA1F4-C011-41B9-B931-791CDBF07E7A}.Debug|Any CPU.Build.0 = Debug|Any CPU
		{9E5BA1F4-C011-41B9-B931-791CDBF07E7A}.Debug|x64.ActiveCfg = Debug|Any CPU
		{9E5BA1F4-C011-41B9-B931-791CDBF07E7A}.Debug|x64.Build.0 = Debug|Any CPU
		{9E5BA1F4-C011-41B9-B931-791CDBF07E7A}.Debug|x86.ActiveCfg = Debug|Any CPU
		{9E5BA1F4-C011-41B9-B931-791CDBF07E7A}.Debug|x86.Build.0 = Debug|Any CPU
		{9E5BA1F4-C011-41B9-B931-791CDBF07E7A}.Release|Any CPU.ActiveCfg = Release|Any CPU
		{9E5BA1F4-C011-41B9-B931-791CDBF07E7A}.Release|Any CPU.Build.0 = Release|Any CPU
		{9E5BA1F4-C011-41B9-B931-791CDBF07E7A}.Release|x64.ActiveCfg = Release|Any CPU
		{9E5BA1F4-C011-41B9-B931-791CDBF07E7A}.Release|x64.Build.0 = Release|Any CPU
		{9E5BA1F4-C011-41B9-B931-791CDBF07E7A}.Release|x86.ActiveCfg = Release|Any CPU
		{9E5BA1F4-C011-41B9-B931-791CDBF07E7A}.Release|x86.Build.0 = Release|Any CPU
		{92592FCB-07B9-4A90-95FC-3E09AC5CDE79}.Debug|Any CPU.ActiveCfg = Debug|Any CPU
		{92592FCB-07B9-4A90-95FC-3E09AC5CDE79}.Debug|Any CPU.Build.0 = Debug|Any CPU
		{92592FCB-07B9-4A90-95FC-3E09AC5CDE79}.Debug|x64.ActiveCfg = Debug|Any CPU
		{92592FCB-07B9-4A90-95FC-3E09AC5CDE79}.Debug|x64.Build.0 = Debug|Any CPU
		{92592FCB-07B9-4A90-95FC-3E09AC5CDE79}.Debug|x86.ActiveCfg = Debug|Any CPU
		{92592FCB-07B9-4A90-95FC-3E09AC5CDE79}.Debug|x86.Build.0 = Debug|Any CPU
		{92592FCB-07B9-4A90-95FC-3E09AC5CDE79}.Release|Any CPU.ActiveCfg = Release|Any CPU
		{92592FCB-07B9-4A90-95FC-3E09AC5CDE79}.Release|Any CPU.Build.0 = Release|Any CPU
		{92592FCB-07B9-4A90-95FC-3E09AC5CDE79}.Release|x64.ActiveCfg = Release|Any CPU
		{92592FCB-07B9-4A90-95FC-3E09AC5CDE79}.Release|x64.Build.0 = Release|Any CPU
		{92592FCB-07B9-4A90-95FC-3E09AC5CDE79}.Release|x86.ActiveCfg = Release|Any CPU
		{92592FCB-07B9-4A90-95FC-3E09AC5CDE79}.Release|x86.Build.0 = Release|Any CPU
		{ECA146BB-3231-4906-942F-74BF31A8246F}.Debug|Any CPU.ActiveCfg = Debug|Any CPU
		{ECA146BB-3231-4906-942F-74BF31A8246F}.Debug|Any CPU.Build.0 = Debug|Any CPU
		{ECA146BB-3231-4906-942F-74BF31A8246F}.Debug|x64.ActiveCfg = Debug|Any CPU
		{ECA146BB-3231-4906-942F-74BF31A8246F}.Debug|x64.Build.0 = Debug|Any CPU
		{ECA146BB-3231-4906-942F-74BF31A8246F}.Debug|x86.ActiveCfg = Debug|Any CPU
		{ECA146BB-3231-4906-942F-74BF31A8246F}.Debug|x86.Build.0 = Debug|Any CPU
		{ECA146BB-3231-4906-942F-74BF31A8246F}.Release|Any CPU.ActiveCfg = Release|Any CPU
		{ECA146BB-3231-4906-942F-74BF31A8246F}.Release|Any CPU.Build.0 = Release|Any CPU
		{ECA146BB-3231-4906-942F-74BF31A8246F}.Release|x64.ActiveCfg = Release|Any CPU
		{ECA146BB-3231-4906-942F-74BF31A8246F}.Release|x64.Build.0 = Release|Any CPU
		{ECA146BB-3231-4906-942F-74BF31A8246F}.Release|x86.ActiveCfg = Release|Any CPU
		{ECA146BB-3231-4906-942F-74BF31A8246F}.Release|x86.Build.0 = Release|Any CPU
		{B5904451-29CE-4ADA-9FAF-30A1BE97DD9E}.Debug|Any CPU.ActiveCfg = Debug|Any CPU
		{B5904451-29CE-4ADA-9FAF-30A1BE97DD9E}.Debug|Any CPU.Build.0 = Debug|Any CPU
		{B5904451-29CE-4ADA-9FAF-30A1BE97DD9E}.Debug|x64.ActiveCfg = Debug|Any CPU
		{B5904451-29CE-4ADA-9FAF-30A1BE97DD9E}.Debug|x64.Build.0 = Debug|Any CPU
		{B5904451-29CE-4ADA-9FAF-30A1BE97DD9E}.Debug|x86.ActiveCfg = Debug|Any CPU
		{B5904451-29CE-4ADA-9FAF-30A1BE97DD9E}.Debug|x86.Build.0 = Debug|Any CPU
		{B5904451-29CE-4ADA-9FAF-30A1BE97DD9E}.Release|Any CPU.ActiveCfg = Release|Any CPU
		{B5904451-29CE-4ADA-9FAF-30A1BE97DD9E}.Release|Any CPU.Build.0 = Release|Any CPU
		{B5904451-29CE-4ADA-9FAF-30A1BE97DD9E}.Release|x64.ActiveCfg = Release|Any CPU
		{B5904451-29CE-4ADA-9FAF-30A1BE97DD9E}.Release|x64.Build.0 = Release|Any CPU
		{B5904451-29CE-4ADA-9FAF-30A1BE97DD9E}.Release|x86.ActiveCfg = Release|Any CPU
		{B5904451-29CE-4ADA-9FAF-30A1BE97DD9E}.Release|x86.Build.0 = Release|Any CPU
	EndGlobalSection
	GlobalSection(SolutionProperties) = preSolution
		HideSolutionNode = FALSE
	EndGlobalSection
	GlobalSection(NestedProjects) = preSolution
		{2274BC06-1D99-4902-A981-B0CAE06CDDE2} = {6051A4B6-F780-2740-78F6-DF204AB469BA}
		{92592FCB-07B9-4A90-95FC-3E09AC5CDE79} = {07C2787E-EAC7-C090-1BA3-A61EC2A24D84}
		{ECA146BB-3231-4906-942F-74BF31A8246F} = {07C2787E-EAC7-C090-1BA3-A61EC2A24D84}
		{B5904451-29CE-4ADA-9FAF-30A1BE97DD9E} = {07C2787E-EAC7-C090-1BA3-A61EC2A24D84}
	EndGlobalSection
EndGlobal
